
Microsoft Visual Studio Solution File, Format Version 12.00
# Visual Studio Version 17
VisualStudioVersion = 17.10.35027.167
MinimumVisualStudioVersion = 10.0.40219.1
Project("{FAE04EC0-301F-11D3-BF4B-00C04F79EFBC}") = "for", "for.csproj", "{7C33CBFB-490C-4193-A6FB-AE8703A22B46}"
EndProject
Global
	GlobalSection(SolutionConfigurationPlatforms) = preSolution
		Debug|Any CPU = Debug|Any CPU
		Release|Any CPU = Release|Any CPU
	EndGlobalSection
	GlobalSection(ProjectConfigurationPlatforms) = postSolution
		{7C33CBFB-490C-4193-A6FB-AE8703A22B46}.Debug|Any CPU.ActiveCfg = Debug|Any CPU
		{7C33CBFB-490C-4193-A6FB-AE8703A22B46}.Debug|Any CPU.Build.0 = Debug|Any CPU
		{7C33CBFB-490C-4193-A6FB-AE8703A22B46}.Release|Any CPU.ActiveCfg = Release|Any CPU
		{7C33CBFB-490C-4193-A6FB-AE8703A22B46}.Release|Any CPU.Build.0 = Release|Any CPU
	EndGlobalSection
	GlobalSection(SolutionProperties) = preSolution
		HideSolutionNode = FALSE
	EndGlobalSection
	GlobalSection(ExtensibilityGlobals) = postSolution
		SolutionGuid = {E6DCB19D-4033-4134-B1D9-941A8C5353CD}
	EndGlobalSection
EndGlobal
